{
  "name": "your-app",
  "version": "0.1.0",
  "lockfileVersion": 1,
  "requires": true,
  "dependencies": {
    "fswin": {
      "version": "3.21.107",
      "resolved": "https://registry.npm.taobao.org/fswin/download/fswin-3.21.107.tgz",
      "integrity": "sha1-2tkln3KwFq4uFCVSpBxYeA2Zkg0="
    },
    "hidefile": {
      "version": "3.0.0",
      "resolved": "https://registry.npm.taobao.org/hidefile/download/hidefile-3.0.0.tgz",
      "integrity": "sha1-XS+4kqAKkoU4XKjMSu/GlSCErCw=",
      "requires": {
        "winattr": "^3.0.0"
      }
    },
    "winattr": {
      "version": "3.0.0",
      "resolved": "https://registry.npm.taobao.org/winattr/download/winattr-3.0.0.tgz",
      "integrity": "sha1-M+QwxBUQzkAYoNqquySSfBYvGx0=",
      "requires": {
        "fswin": "^3.18.918"
      }
    }
  }
}
